// !$*UTF8*$!
{
	archiveVersion = 1;
	classes = {
	};
	objectVersion = 55;
	objects = {

/* Begin PBXBuildFile section */
		4207AE76287AD4190003B4E6 /* AppDelegate.swift in Sources */ = {isa = PBXBuildFile; fileRef = 4207AE75287AD4190003B4E6 /* AppDelegate.swift */; };
		4207AE7A287AD4190003B4E6 /* LossCategoryViewController.swift in Sources */ = {isa = PBXBuildFile; fileRef = 4207AE79287AD4190003B4E6 /* LossCategoryViewController.swift */; };
		4207AE7D287AD4190003B4E6 /* Main.storyboard in Resources */ = {isa = PBXBuildFile; fileRef = 4207AE7B287AD4190003B4E6 /* Main.storyboard */; };
		4207AE82287AD41A0003B4E6 /* Assets.xcassets in Resources */ = {isa = PBXBuildFile; fileRef = 4207AE81287AD41A0003B4E6 /* Assets.xcassets */; };
		4207AE85287AD41A0003B4E6 /* LaunchScreen.storyboard in Resources */ = {isa = PBXBuildFile; fileRef = 4207AE83287AD41A0003B4E6 /* LaunchScreen.storyboard */; };
		4207AE8D287B1BED0003B4E6 /* LossCategoryCell.swift in Sources */ = {isa = PBXBuildFile; fileRef = 4207AE8C287B1BED0003B4E6 /* LossCategoryCell.swift */; };
		4207AE8F287B2C3E0003B4E6 /* EnemyLossModel.swift in Sources */ = {isa = PBXBuildFile; fileRef = 4207AE8E287B2C3E0003B4E6 /* EnemyLossModel.swift */; };
		4207AE91287B2DC70003B4E6 /* APIService.swift in Sources */ = {isa = PBXBuildFile; fileRef = 4207AE90287B2DC70003B4E6 /* APIService.swift */; };
		4207AE97287B61DF0003B4E6 /* GitHubResponseModel.swift in Sources */ = {isa = PBXBuildFile; fileRef = 4207AE96287B61DF0003B4E6 /* GitHubResponseModel.swift */; };
		421C34362885E53900A271AF /* GeneralApplicationCoordinator.swift in Sources */ = {isa = PBXBuildFile; fileRef = 421C34352885E53900A271AF /* GeneralApplicationCoordinator.swift */; };
		421C34392885E65E00A271AF /* Router.swift in Sources */ = {isa = PBXBuildFile; fileRef = 421C34382885E65E00A271AF /* Router.swift */; };
		421C343C2885E67D00A271AF /* MainRouter.swift in Sources */ = {isa = PBXBuildFile; fileRef = 421C343B2885E67D00A271AF /* MainRouter.swift */; };
		421C343E2885E74900A271AF /* Coordinator.swift in Sources */ = {isa = PBXBuildFile; fileRef = 421C343D2885E74900A271AF /* Coordinator.swift */; };
		421C34412885E7F200A271AF /* MainCoordinator.swift in Sources */ = {isa = PBXBuildFile; fileRef = 421C34402885E7F200A271AF /* MainCoordinator.swift */; };
		421C34452887457100A271AF /* LossViewController.swift in Sources */ = {isa = PBXBuildFile; fileRef = 421C34442887457100A271AF /* LossViewController.swift */; };
		4244BC9628885D34000A07B0 /* Extension+Encodable.swift in Sources */ = {isa = PBXBuildFile; fileRef = 4244BC9528885D34000A07B0 /* Extension+Encodable.swift */; };
		424706252889DD0B00A0E888 /* PersonnelLossModel.swift in Sources */ = {isa = PBXBuildFile; fileRef = 424706242889DD0B00A0E888 /* PersonnelLossModel.swift */; };
		4254BDC92889E5EC00968F07 /* Extension+Dictionary.swift in Sources */ = {isa = PBXBuildFile; fileRef = 4254BDC82889E5EC00968F07 /* Extension+Dictionary.swift */; };
/* End PBXBuildFile section */

/* Begin PBXFileReference section */
		4207AE72287AD4190003B4E6 /* EnemyLoss.app */ = {isa = PBXFileReference; explicitFileType = wrapper.application; includeInIndex = 0; path = EnemyLoss.app; sourceTree = BUILT_PRODUCTS_DIR; };
		4207AE75287AD4190003B4E6 /* AppDelegate.swift */ = {isa = PBXFileReference; lastKnownFileType = sourcecode.swift; path = AppDelegate.swift; sourceTree = "<group>"; };
		4207AE79287AD4190003B4E6 /* LossCategoryViewController.swift */ = {isa = PBXFileReference; lastKnownFileType = sourcecode.swift; path = LossCategoryViewController.swift; sourceTree = "<group>"; };
		4207AE7C287AD4190003B4E6 /* Base */ = {isa = PBXFileReference; lastKnownFileType = file.storyboard; name = Base; path = Base.lproj/Main.storyboard; sourceTree = "<group>"; };
		4207AE81287AD41A0003B4E6 /* Assets.xcassets */ = {isa = PBXFileReference; lastKnownFileType = folder.assetcatalog; path = Assets.xcassets; sourceTree = "<group>"; };
		4207AE84287AD41A0003B4E6 /* Base */ = {isa = PBXFileReference; lastKnownFileType = file.storyboard; name = Base; path = Base.lproj/LaunchScreen.storyboard; sourceTree = "<group>"; };
		4207AE86287AD41A0003B4E6 /* Info.plist */ = {isa = PBXFileReference; lastKnownFileType = text.plist.xml; path = Info.plist; sourceTree = "<group>"; };
		4207AE8C287B1BED0003B4E6 /* LossCategoryCell.swift */ = {isa = PBXFileReference; lastKnownFileType = sourcecode.swift; path = LossCategoryCell.swift; sourceTree = "<group>"; };
		4207AE8E287B2C3E0003B4E6 /* EnemyLossModel.swift */ = {isa = PBXFileReference; lastKnownFileType = sourcecode.swift; path = EnemyLossModel.swift; sourceTree = "<group>"; };
		4207AE90287B2DC70003B4E6 /* APIService.swift */ = {isa = PBXFileReference; lastKnownFileType = sourcecode.swift; path = APIService.swift; sourceTree = "<group>"; };
		4207AE96287B61DF0003B4E6 /* GitHubResponseModel.swift */ = {isa = PBXFileReference; lastKnownFileType = sourcecode.swift; path = GitHubResponseModel.swift; sourceTree = "<group>"; };
		421C34352885E53900A271AF /* GeneralApplicationCoordinator.swift */ = {isa = PBXFileReference; lastKnownFileType = sourcecode.swift; path = GeneralApplicationCoordinator.swift; sourceTree = "<group>"; };
		421C34382885E65E00A271AF /* Router.swift */ = {isa = PBXFileReference; lastKnownFileType = sourcecode.swift; path = Router.swift; sourceTree = "<group>"; };
		421C343B2885E67D00A271AF /* MainRouter.swift */ = {isa = PBXFileReference; lastKnownFileType = sourcecode.swift; path = MainRouter.swift; sourceTree = "<group>"; };
		421C343D2885E74900A271AF /* Coordinator.swift */ = {isa = PBXFileReference; lastKnownFileType = sourcecode.swift; path = Coordinator.swift; sourceTree = "<group>"; };
		421C34402885E7F200A271AF /* MainCoordinator.swift */ = {isa = PBXFileReference; lastKnownFileType = sourcecode.swift; path = MainCoordinator.swift; sourceTree = "<group>"; };
		421C34442887457100A271AF /* LossViewController.swift */ = {isa = PBXFileReference; lastKnownFileType = sourcecode.swift; path = LossViewController.swift; sourceTree = "<group>"; };
		4244BC9528885D34000A07B0 /* Extension+Encodable.swift */ = {isa = PBXFileReference; lastKnownFileType = sourcecode.swift; path = "Extension+Encodable.swift"; sourceTree = "<group>"; };
		424706242889DD0B00A0E888 /* PersonnelLossModel.swift */ = {isa = PBXFileReference; lastKnownFileType = sourcecode.swift; path = PersonnelLossModel.swift; sourceTree = "<group>"; };
		4254BDC82889E5EC00968F07 /* Extension+Dictionary.swift */ = {isa = PBXFileReference; lastKnownFileType = sourcecode.swift; path = "Extension+Dictionary.swift"; sourceTree = "<group>"; };
/* End PBXFileReference section */

/* Begin PBXFrameworksBuildPhase section */
		4207AE6F287AD4190003B4E6 /* Frameworks */ = {
			isa = PBXFrameworksBuildPhase;
			buildActionMask = 2147483647;
			files = (
			);
			runOnlyForDeploymentPostprocessing = 0;
		};
/* End PBXFrameworksBuildPhase section */

/* Begin PBXGroup section */
		4207AE69287AD4190003B4E6 = {
			isa = PBXGroup;
			children = (
				4207AE74287AD4190003B4E6 /* EnemyLoss */,
				4207AE73287AD4190003B4E6 /* Products */,
			);
			sourceTree = "<group>";
		};
		4207AE73287AD4190003B4E6 /* Products */ = {
			isa = PBXGroup;
			children = (
				4207AE72287AD4190003B4E6 /* EnemyLoss.app */,
			);
			name = Products;
			sourceTree = "<group>";
		};
		4207AE74287AD4190003B4E6 /* EnemyLoss */ = {
			isa = PBXGroup;
			children = (
				4207AE75287AD4190003B4E6 /* AppDelegate.swift */,
				421C34372885E5D400A271AF /* Coordinators */,
				421C343A2885E66500A271AF /* Router */,
				4207AE95287B2E620003B4E6 /* Controllers */,
				4207AE92287B2E1D0003B4E6 /* Cells */,
				4207AE93287B2E300003B4E6 /* Networking */,
				4207AE94287B2E450003B4E6 /* Models */,
				4244BC9828885D56000A07B0 /* Helpers */,
				4207AE7B287AD4190003B4E6 /* Main.storyboard */,
				4207AE81287AD41A0003B4E6 /* Assets.xcassets */,
				4207AE83287AD41A0003B4E6 /* LaunchScreen.storyboard */,
				4207AE86287AD41A0003B4E6 /* Info.plist */,
			);
			path = EnemyLoss;
			sourceTree = "<group>";
		};
		4207AE92287B2E1D0003B4E6 /* Cells */ = {
			isa = PBXGroup;
			children = (
				4207AE8C287B1BED0003B4E6 /* LossCategoryCell.swift */,
			);
			path = Cells;
			sourceTree = "<group>";
		};
		4207AE93287B2E300003B4E6 /* Networking */ = {
			isa = PBXGroup;
			children = (
				4207AE90287B2DC70003B4E6 /* APIService.swift */,
			);
			path = Networking;
			sourceTree = "<group>";
		};
		4207AE94287B2E450003B4E6 /* Models */ = {
			isa = PBXGroup;
			children = (
				4207AE8E287B2C3E0003B4E6 /* EnemyLossModel.swift */,
				4207AE96287B61DF0003B4E6 /* GitHubResponseModel.swift */,
				424706242889DD0B00A0E888 /* PersonnelLossModel.swift */,
			);
			path = Models;
			sourceTree = "<group>";
		};
		4207AE95287B2E620003B4E6 /* Controllers */ = {
			isa = PBXGroup;
			children = (
				4207AE79287AD4190003B4E6 /* LossCategoryViewController.swift */,
				421C34442887457100A271AF /* LossViewController.swift */,
			);
			path = Controllers;
			sourceTree = "<group>";
		};
		421C34372885E5D400A271AF /* Coordinators */ = {
			isa = PBXGroup;
			children = (
				421C343D2885E74900A271AF /* Coordinator.swift */,
				421C34352885E53900A271AF /* GeneralApplicationCoordinator.swift */,
				421C34402885E7F200A271AF /* MainCoordinator.swift */,
			);
			path = Coordinators;
			sourceTree = "<group>";
		};
		421C343A2885E66500A271AF /* Router */ = {
			isa = PBXGroup;
			children = (
				421C34382885E65E00A271AF /* Router.swift */,
				421C343B2885E67D00A271AF /* MainRouter.swift */,
			);
			path = Router;
			sourceTree = "<group>";
		};
		4244BC9728885D46000A07B0 /* Extensions */ = {
			isa = PBXGroup;
			children = (
				4244BC9528885D34000A07B0 /* Extension+Encodable.swift */,
				4254BDC82889E5EC00968F07 /* Extension+Dictionary.swift */,
			);
			path = Extensions;
			sourceTree = "<group>";
		};
		4244BC9828885D56000A07B0 /* Helpers */ = {
			isa = PBXGroup;
			children = (
				4244BC9728885D46000A07B0 /* Extensions */,
			);
			path = Helpers;
			sourceTree = "<group>";
		};
/* End PBXGroup section */

/* Begin PBXNativeTarget section */
		4207AE71287AD4190003B4E6 /* EnemyLoss */ = {
			isa = PBXNativeTarget;
			buildConfigurationList = 4207AE89287AD41A0003B4E6 /* Build configuration list for PBXNativeTarget "EnemyLoss" */;
			buildPhases = (
				4207AE6E287AD4190003B4E6 /* Sources */,
				4207AE6F287AD4190003B4E6 /* Frameworks */,
				4207AE70287AD4190003B4E6 /* Resources */,
			);
			buildRules = (
			);
			dependencies = (
			);
			name = EnemyLoss;
			productName = EnemyLoss;
			productReference = 4207AE72287AD4190003B4E6 /* EnemyLoss.app */;
			productType = "com.apple.product-type.application";
		};
/* End PBXNativeTarget section */

/* Begin PBXProject section */
		4207AE6A287AD4190003B4E6 /* Project object */ = {
			isa = PBXProject;
			attributes = {
				BuildIndependentTargetsInParallel = 1;
				LastSwiftUpdateCheck = 1340;
				LastUpgradeCheck = 1340;
				TargetAttributes = {
					4207AE71287AD4190003B4E6 = {
						CreatedOnToolsVersion = 13.4;
					};
				};
			};
			buildConfigurationList = 4207AE6D287AD4190003B4E6 /* Build configuration list for PBXProject "EnemyLoss" */;
			compatibilityVersion = "Xcode 13.0";
			developmentRegion = en;
			hasScannedForEncodings = 0;
			knownRegions = (
				en,
				Base,
			);
			mainGroup = 4207AE69287AD4190003B4E6;
			productRefGroup = 4207AE73287AD4190003B4E6 /* Products */;
			projectDirPath = "";
			projectRoot = "";
			targets = (
				4207AE71287AD4190003B4E6 /* EnemyLoss */,
			);
		};
/* End PBXProject section */

/* Begin PBXResourcesBuildPhase section */
		4207AE70287AD4190003B4E6 /* Resources */ = {
			isa = PBXResourcesBuildPhase;
			buildActionMask = 2147483647;
			files = (
				4207AE85287AD41A0003B4E6 /* LaunchScreen.storyboard in Resources */,
				4207AE82287AD41A0003B4E6 /* Assets.xcassets in Resources */,
				4207AE7D287AD4190003B4E6 /* Main.storyboard in Resources */,
			);
			runOnlyForDeploymentPostprocessing = 0;
		};
/* End PBXResourcesBuildPhase section */

/* Begin PBXSourcesBuildPhase section */
		4207AE6E287AD4190003B4E6 /* Sources */ = {
			isa = PBXSourcesBuildPhase;
			buildActionMask = 2147483647;
			files = (
				4207AE7A287AD4190003B4E6 /* LossCategoryViewController.swift in Sources */,
				4244BC9628885D34000A07B0 /* Extension+Encodable.swift in Sources */,
				4207AE8F287B2C3E0003B4E6 /* EnemyLossModel.swift in Sources */,
				421C34392885E65E00A271AF /* Router.swift in Sources */,
				4207AE8D287B1BED0003B4E6 /* LossCategoryCell.swift in Sources */,
				4207AE76287AD4190003B4E6 /* AppDelegate.swift in Sources */,
				424706252889DD0B00A0E888 /* PersonnelLossModel.swift in Sources */,
				4254BDC92889E5EC00968F07 /* Extension+Dictionary.swift in Sources */,
				421C34452887457100A271AF /* LossViewController.swift in Sources */,
				421C34362885E53900A271AF /* GeneralApplicationCoordinator.swift in Sources */,
				421C343E2885E74900A271AF /* Coordinator.swift in Sources */,
				4207AE91287B2DC70003B4E6 /* APIService.swift in Sources */,
				421C34412885E7F200A271AF /* MainCoordinator.swift in Sources */,
				421C343C2885E67D00A271AF /* MainRouter.swift in Sources */,
				4207AE97287B61DF0003B4E6 /* GitHubResponseModel.swift in Sources */,
			);
			runOnlyForDeploymentPostprocessing = 0;
		};
/* End PBXSourcesBuildPhase section */

/* Begin PBXVariantGroup section */
		4207AE7B287AD4190003B4E6 /* Main.storyboard */ = {
			isa = PBXVariantGroup;
			children = (
				4207AE7C287AD4190003B4E6 /* Base */,
			);
			name = Main.storyboard;
			sourceTree = "<group>";
		};
		4207AE83287AD41A0003B4E6 /* LaunchScreen.storyboard */ = {
			isa = PBXVariantGroup;
			children = (
				4207AE84287AD41A0003B4E6 /* Base */,
			);
			name = LaunchScreen.storyboard;
			sourceTree = "<group>";
		};
/* End PBXVariantGroup section */

/* Begin XCBuildConfiguration section */
		4207AE87287AD41A0003B4E6 /* Debug */ = {
			isa = XCBuildConfiguration;
			buildSettings = {
				ALWAYS_SEARCH_USER_PATHS = NO;
				CLANG_ANALYZER_NONNULL = YES;
				CLANG_ANALYZER_NUMBER_OBJECT_CONVERSION = YES_AGGRESSIVE;
				CLANG_CXX_LANGUAGE_STANDARD = "gnu++17";
				CLANG_ENABLE_MODULES = YES;
				CLANG_ENABLE_OBJC_ARC = YES;
				CLANG_ENABLE_OBJC_WEAK = YES;
				CLANG_WARN_BLOCK_CAPTURE_AUTORELEASING = YES;
				CLANG_WARN_BOOL_CONVERSION = YES;
				CLANG_WARN_COMMA = YES;
				CLANG_WARN_CONSTANT_CONVERSION = YES;
				CLANG_WARN_DEPRECATED_OBJC_IMPLEMENTATIONS = YES;
				CLANG_WARN_DIRECT_OBJC_ISA_USAGE = YES_ERROR;
				CLANG_WARN_DOCUMENTATION_COMMENTS = YES;
				CLANG_WARN_EMPTY_BODY = YES;
				CLANG_WARN_ENUM_CONVERSION = YES;
				CLANG_WARN_INFINITE_RECURSION = YES;
				CLANG_WARN_INT_CONVERSION = YES;
				CLANG_WARN_NON_LITERAL_NULL_CONVERSION = YES;
				CLANG_WARN_OBJC_IMPLICIT_RETAIN_SELF = YES;
				CLANG_WARN_OBJC_LITERAL_CONVERSION = YES;
				CLANG_WARN_OBJC_ROOT_CLASS = YES_ERROR;
				CLANG_WARN_QUOTED_INCLUDE_IN_FRAMEWORK_HEADER = YES;
				CLANG_WARN_RANGE_LOOP_ANALYSIS = YES;
				CLANG_WARN_STRICT_PROTOTYPES = YES;
				CLANG_WARN_SUSPICIOUS_MOVE = YES;
				CLANG_WARN_UNGUARDED_AVAILABILITY = YES_AGGRESSIVE;
				CLANG_WARN_UNREACHABLE_CODE = YES;
				CLANG_WARN__DUPLICATE_METHOD_MATCH = YES;
				COPY_PHASE_STRIP = NO;
				DEBUG_INFORMATION_FORMAT = dwarf;
				ENABLE_STRICT_OBJC_MSGSEND = YES;
				ENABLE_TESTABILITY = YES;
				GCC_C_LANGUAGE_STANDARD = gnu11;
				GCC_DYNAMIC_NO_PIC = NO;
				GCC_NO_COMMON_BLOCKS = YES;
				GCC_OPTIMIZATION_LEVEL = 0;
				GCC_PREPROCESSOR_DEFINITIONS = (
					"DEBUG=1",
					"$(inherited)",
				);
				GCC_WARN_64_TO_32_BIT_CONVERSION = YES;
				GCC_WARN_ABOUT_RETURN_TYPE = YES_ERROR;
				GCC_WARN_UNDECLARED_SELECTOR = YES;
				GCC_WARN_UNINITIALIZED_AUTOS = YES_AGGRESSIVE;
				GCC_WARN_UNUSED_FUNCTION = YES;
				GCC_WARN_UNUSED_VARIABLE = YES;
				IPHONEOS_DEPLOYMENT_TARGET = 15.5;
				MTL_ENABLE_DEBUG_INFO = INCLUDE_SOURCE;
				MTL_FAST_MATH = YES;
				ONLY_ACTIVE_ARCH = YES;
				SDKROOT = iphoneos;
				SWIFT_ACTIVE_COMPILATION_CONDITIONS = DEBUG;
				SWIFT_OPTIMIZATION_LEVEL = "-Onone";
			};
			name = Debug;
		};
		4207AE88287AD41A0003B4E6 /* Release */ = {
			isa = XCBuildConfiguration;
			buildSettings = {
				ALWAYS_SEARCH_USER_PATHS = NO;
				CLANG_ANALYZER_NONNULL = YES;
				CLANG_ANALYZER_NUMBER_OBJECT_CONVERSION = YES_AGGRESSIVE;
				CLANG_CXX_LANGUAGE_STANDARD = "gnu++17";
				CLANG_ENABLE_MODULES = YES;
				CLANG_ENABLE_OBJC_ARC = YES;
				CLANG_ENABLE_OBJC_WEAK = YES;
				CLANG_WARN_BLOCK_CAPTURE_AUTORELEASING = YES;
				CLANG_WARN_BOOL_CONVERSION = YES;
				CLANG_WARN_COMMA = YES;
				CLANG_WARN_CONSTANT_CONVERSION = YES;
				CLANG_WARN_DEPRECATED_OBJC_IMPLEMENTATIONS = YES;
				CLANG_WARN_DIRECT_OBJC_ISA_USAGE = YES_ERROR;
				CLANG_WARN_DOCUMENTATION_COMMENTS = YES;
				CLANG_WARN_EMPTY_BODY = YES;
				CLANG_WARN_ENUM_CONVERSION = YES;
				CLANG_WARN_INFINITE_RECURSION = YES;
				CLANG_WARN_INT_CONVERSION = YES;
				CLANG_WARN_NON_LITERAL_NULL_CONVERSION = YES;
				CLANG_WARN_OBJC_IMPLICIT_RETAIN_SELF = YES;
				CLANG_WARN_OBJC_LITERAL_CONVERSION = YES;
				CLANG_WARN_OBJC_ROOT_CLASS = YES_ERROR;
				CLANG_WARN_QUOTED_INCLUDE_IN_FRAMEWORK_HEADER = YES;
				CLANG_WARN_RANGE_LOOP_ANALYSIS = YES;
				CLANG_WARN_STRICT_PROTOTYPES = YES;
				CLANG_WARN_SUSPICIOUS_MOVE = YES;
				CLANG_WARN_UNGUARDED_AVAILABILITY = YES_AGGRESSIVE;
				CLANG_WARN_UNREACHABLE_CODE = YES;
				CLANG_WARN__DUPLICATE_METHOD_MATCH = YES;
				COPY_PHASE_STRIP = NO;
				DEBUG_INFORMATION_FORMAT = "dwarf-with-dsym";
				ENABLE_NS_ASSERTIONS = NO;
				ENABLE_STRICT_OBJC_MSGSEND = YES;
				GCC_C_LANGUAGE_STANDARD = gnu11;
				GCC_NO_COMMON_BLOCKS = YES;
				GCC_WARN_64_TO_32_BIT_CONVERSION = YES;
				GCC_WARN_ABOUT_RETURN_TYPE = YES_ERROR;
				GCC_WARN_UNDECLARED_SELECTOR = YES;
				GCC_WARN_UNINITIALIZED_AUTOS = YES_AGGRESSIVE;
				GCC_WARN_UNUSED_FUNCTION = YES;
				GCC_WARN_UNUSED_VARIABLE = YES;
				IPHONEOS_DEPLOYMENT_TARGET = 15.5;
				MTL_ENABLE_DEBUG_INFO = NO;
				MTL_FAST_MATH = YES;
				SDKROOT = iphoneos;
				SWIFT_COMPILATION_MODE = wholemodule;
				SWIFT_OPTIMIZATION_LEVEL = "-O";
				VALIDATE_PRODUCT = YES;
			};
			name = Release;
		};
		4207AE8A287AD41A0003B4E6 /* Debug */ = {
			isa = XCBuildConfiguration;
			buildSettings = {
				ASSETCATALOG_COMPILER_APPICON_NAME = AppIcon;
				ASSETCATALOG_COMPILER_GLOBAL_ACCENT_COLOR_NAME = AccentColor;
				CODE_SIGN_STYLE = Automatic;
				CURRENT_PROJECT_VERSION = 1;
				DEVELOPMENT_TEAM = Z99V4XXVDP;
				GENERATE_INFOPLIST_FILE = YES;
				INFOPLIST_FILE = EnemyLoss/Info.plist;
				INFOPLIST_KEY_CFBundleDisplayName = "Enemy Losses";
				INFOPLIST_KEY_UIApplicationSupportsIndirectInputEvents = YES;
				INFOPLIST_KEY_UILaunchStoryboardName = LaunchScreen;
				INFOPLIST_KEY_UIMainStoryboardFile = Main;
				INFOPLIST_KEY_UISupportedInterfaceOrientations = UIInterfaceOrientationPortrait;
				INFOPLIST_KEY_UISupportedInterfaceOrientations_iPad = "UIInterfaceOrientationPortrait UIInterfaceOrientationPortraitUpsideDown UIInterfaceOrientationLandscapeLeft UIInterfaceOrientationLandscapeRight";
				INFOPLIST_KEY_UISupportedInterfaceOrientations_iPhone = "UIInterfaceOrientationPortrait UIInterfaceOrientationLandscapeLeft UIInterfaceOrientationLandscapeRight";
				LD_RUNPATH_SEARCH_PATHS = (
					"$(inherited)",
					"@executable_path/Frameworks",
				);
				MARKETING_VERSION = 1.0;
				PRODUCT_BUNDLE_IDENTIFIER = com.Artemcore.EnemyLoss;
				PRODUCT_NAME = "$(TARGET_NAME)";
				SWIFT_EMIT_LOC_STRINGS = YES;
				SWIFT_VERSION = 5.0;
				TARGETED_DEVICE_FAMILY = 1;
			};
			name = Debug;
		};
		4207AE8B287AD41A0003B4E6 /* Release */ = {
			isa = XCBuildConfiguration;
			buildSettings = {
				ASSETCATALOG_COMPILER_APPICON_NAME = AppIcon;
				ASSETCATALOG_COMPILER_GLOBAL_ACCENT_COLOR_NAME = AccentColor;
				CODE_SIGN_STYLE = Automatic;
				CURRENT_PROJECT_VERSION = 1;
				DEVELOPMENT_TEAM = Z99V4XXVDP;
				GENERATE_INFOPLIST_FILE = YES;
				INFOPLIST_FILE = EnemyLoss/Info.plist;
				INFOPLIST_KEY_CFBundleDisplayName = "Enemy Losses";
				INFOPLIST_KEY_UIApplicationSupportsIndirectInputEvents = YES;
				INFOPLIST_KEY_UILaunchStoryboardName = LaunchScreen;
				INFOPLIST_KEY_UIMainStoryboardFile = Main;
				INFOPLIST_KEY_UISupportedInterfaceOrientations = UIInterfaceOrientationPortrait;
				INFOPLIST_KEY_UISupportedInterfaceOrientations_iPad = "UIInterfaceOrientationPortrait UIInterfaceOrientationPortraitUpsideDown UIInterfaceOrientationLandscapeLeft UIInterfaceOrientationLandscapeRight";
				INFOPLIST_KEY_UISupportedInterfaceOrientations_iPhone = "UIInterfaceOrientationPortrait UIInterfaceOrientationLandscapeLeft UIInterfaceOrientationLandscapeRight";
				LD_RUNPATH_SEARCH_PATHS = (
					"$(inherited)",
					"@executable_path/Frameworks",
				);
				MARKETING_VERSION = 1.0;
				PRODUCT_BUNDLE_IDENTIFIER = com.Artemcore.EnemyLoss;
				PRODUCT_NAME = "$(TARGET_NAME)";
				SWIFT_EMIT_LOC_STRINGS = YES;
				SWIFT_VERSION = 5.0;
				TARGETED_DEVICE_FAMILY = 1;
			};
			name = Release;
		};
/* End XCBuildConfiguration section */

/* Begin XCConfigurationList section */
		4207AE6D287AD4190003B4E6 /* Build configuration list for PBXProject "EnemyLoss" */ = {
			isa = XCConfigurationList;
			buildConfigurations = (
				4207AE87287AD41A0003B4E6 /* Debug */,
				4207AE88287AD41A0003B4E6 /* Release */,
			);
			defaultConfigurationIsVisible = 0;
			defaultConfigurationName = Release;
		};
		4207AE89287AD41A0003B4E6 /* Build configuration list for PBXNativeTarget "EnemyLoss" */ = {
			isa = XCConfigurationList;
			buildConfigurations = (
				4207AE8A287AD41A0003B4E6 /* Debug */,
				4207AE8B287AD41A0003B4E6 /* Release */,
			);
			defaultConfigurationIsVisible = 0;
			defaultConfigurationName = Release;
		};
/* End XCConfigurationList section */
	};
	rootObject = 4207AE6A287AD4190003B4E6 /* Project object */;
}
